// !$*UTF8*$!
{
	archiveVersion = 1;
	classes = {
	};
	objectVersion = 51;
	objects = {

/* Begin PBXBuildFile section */
		9324BFAE24B3F392002125BC /* TMDBRequestRouter.swift in Sources */ = {isa = PBXBuildFile; fileRef = 9324BFAD24B3F392002125BC /* TMDBRequestRouter.swift */; };
		9324BFB124B3F59E002125BC /* Movie.swift in Sources */ = {isa = PBXBuildFile; fileRef = 9324BFB024B3F59E002125BC /* Movie.swift */; };
		9324BFB324B3FD21002125BC /* Discovery.swift in Sources */ = {isa = PBXBuildFile; fileRef = 9324BFB224B3FD21002125BC /* Discovery.swift */; };
		9324BFB524B3FD9D002125BC /* TMDBManager.swift in Sources */ = {isa = PBXBuildFile; fileRef = 9324BFB424B3FD9D002125BC /* TMDBManager.swift */; };
		9324BFB724B3FDAF002125BC /* TMDBManagerBM.swift in Sources */ = {isa = PBXBuildFile; fileRef = 9324BFB624B3FDAF002125BC /* TMDBManagerBM.swift */; };
		9324BFBC24B4032B002125BC /* Discovery.storyboard in Resources */ = {isa = PBXBuildFile; fileRef = 9324BFB824B4032B002125BC /* Discovery.storyboard */; };
		9324BFBD24B4032B002125BC /* DiscoveryRouter.swift in Sources */ = {isa = PBXBuildFile; fileRef = 9324BFB924B4032B002125BC /* DiscoveryRouter.swift */; };
		9324BFBE24B4032B002125BC /* DiscoveryVM.swift in Sources */ = {isa = PBXBuildFile; fileRef = 9324BFBA24B4032B002125BC /* DiscoveryVM.swift */; };
		9324BFBF24B4032B002125BC /* DiscoveryVC.swift in Sources */ = {isa = PBXBuildFile; fileRef = 9324BFBB24B4032B002125BC /* DiscoveryVC.swift */; };
		9356CD4924B391B90039EF46 /* AppDelegate.swift in Sources */ = {isa = PBXBuildFile; fileRef = 9356CD4824B391B90039EF46 /* AppDelegate.swift */; };
		9356CD4B24B391B90039EF46 /* SceneDelegate.swift in Sources */ = {isa = PBXBuildFile; fileRef = 9356CD4A24B391B90039EF46 /* SceneDelegate.swift */; };
		9356CD5324B391B90039EF46 /* MyMoviesFRT.xcdatamodeld in Sources */ = {isa = PBXBuildFile; fileRef = 9356CD5124B391B90039EF46 /* MyMoviesFRT.xcdatamodeld */; };
		9356CD5524B391BA0039EF46 /* Assets.xcassets in Resources */ = {isa = PBXBuildFile; fileRef = 9356CD5424B391BA0039EF46 /* Assets.xcassets */; };
		9356CD5824B391BA0039EF46 /* LaunchScreen.storyboard in Resources */ = {isa = PBXBuildFile; fileRef = 9356CD5624B391BA0039EF46 /* LaunchScreen.storyboard */; };
		9371EFFF24B40E6E00D39F3F /* Movie.storyboard in Resources */ = {isa = PBXBuildFile; fileRef = 9371EFFB24B40E6E00D39F3F /* Movie.storyboard */; };
		9371F00024B40E6E00D39F3F /* MovieRouter.swift in Sources */ = {isa = PBXBuildFile; fileRef = 9371EFFC24B40E6E00D39F3F /* MovieRouter.swift */; };
		9371F00124B40E6E00D39F3F /* MovieVM.swift in Sources */ = {isa = PBXBuildFile; fileRef = 9371EFFD24B40E6E00D39F3F /* MovieVM.swift */; };
		9371F00224B40E6E00D39F3F /* MovieVC.swift in Sources */ = {isa = PBXBuildFile; fileRef = 9371EFFE24B40E6E00D39F3F /* MovieVC.swift */; };
		93AA9FFC24B3990B00BB6BCD /* MVVMViewModel.swift in Sources */ = {isa = PBXBuildFile; fileRef = 93AA9FFB24B3990B00BB6BCD /* MVVMViewModel.swift */; };
		93AA9FFE24B3992100BB6BCD /* MVVMRouter.swift in Sources */ = {isa = PBXBuildFile; fileRef = 93AA9FFD24B3992100BB6BCD /* MVVMRouter.swift */; };
		93AAA00024B3995900BB6BCD /* MVVMViewController.swift in Sources */ = {isa = PBXBuildFile; fileRef = 93AA9FFF24B3995900BB6BCD /* MVVMViewController.swift */; };
		93AAA00424B39AE500BB6BCD /* Coordinator.swift in Sources */ = {isa = PBXBuildFile; fileRef = 93AAA00324B39AE500BB6BCD /* Coordinator.swift */; };
		93AAA00624B39B4F00BB6BCD /* BackendManager.swift in Sources */ = {isa = PBXBuildFile; fileRef = 93AAA00524B39B4F00BB6BCD /* BackendManager.swift */; };
		93AAA00824B39B9000BB6BCD /* RequestRouter.swift in Sources */ = {isa = PBXBuildFile; fileRef = 93AAA00724B39B9000BB6BCD /* RequestRouter.swift */; };
		93AAA00A24B39C9F00BB6BCD /* Constants.swift in Sources */ = {isa = PBXBuildFile; fileRef = 93AAA00924B39C9F00BB6BCD /* Constants.swift */; };
		93AAA00C24B3DDDF00BB6BCD /* AppDependencies.swift in Sources */ = {isa = PBXBuildFile; fileRef = 93AAA00B24B3DDDF00BB6BCD /* AppDependencies.swift */; };
		93AAA01724B3DEA400BB6BCD /* UIViewController+Extension.swift in Sources */ = {isa = PBXBuildFile; fileRef = 93AAA01624B3DEA400BB6BCD /* UIViewController+Extension.swift */; };
		D85694C5E59073AD2CBCD5A0 /* Pods_MyMoviesFRT.framework in Frameworks */ = {isa = PBXBuildFile; fileRef = 735F47667B80E2F768DB3E13 /* Pods_MyMoviesFRT.framework */; };
/* End PBXBuildFile section */

/* Begin PBXFileReference section */
		735F47667B80E2F768DB3E13 /* Pods_MyMoviesFRT.framework */ = {isa = PBXFileReference; explicitFileType = wrapper.framework; includeInIndex = 0; path = Pods_MyMoviesFRT.framework; sourceTree = BUILT_PRODUCTS_DIR; };
		9324BFAD24B3F392002125BC /* TMDBRequestRouter.swift */ = {isa = PBXFileReference; lastKnownFileType = sourcecode.swift; path = TMDBRequestRouter.swift; sourceTree = "<group>"; };
		9324BFB024B3F59E002125BC /* Movie.swift */ = {isa = PBXFileReference; lastKnownFileType = sourcecode.swift; path = Movie.swift; sourceTree = "<group>"; };
		9324BFB224B3FD21002125BC /* Discovery.swift */ = {isa = PBXFileReference; lastKnownFileType = sourcecode.swift; path = Discovery.swift; sourceTree = "<group>"; };
		9324BFB424B3FD9D002125BC /* TMDBManager.swift */ = {isa = PBXFileReference; lastKnownFileType = sourcecode.swift; path = TMDBManager.swift; sourceTree = "<group>"; };
		9324BFB624B3FDAF002125BC /* TMDBManagerBM.swift */ = {isa = PBXFileReference; lastKnownFileType = sourcecode.swift; path = TMDBManagerBM.swift; sourceTree = "<group>"; };
		9324BFB824B4032B002125BC /* Discovery.storyboard */ = {isa = PBXFileReference; lastKnownFileType = file.storyboard; path = Discovery.storyboard; sourceTree = "<group>"; };
		9324BFB924B4032B002125BC /* DiscoveryRouter.swift */ = {isa = PBXFileReference; lastKnownFileType = sourcecode.swift; path = DiscoveryRouter.swift; sourceTree = "<group>"; };
		9324BFBA24B4032B002125BC /* DiscoveryVM.swift */ = {isa = PBXFileReference; lastKnownFileType = sourcecode.swift; path = DiscoveryVM.swift; sourceTree = "<group>"; };
		9324BFBB24B4032B002125BC /* DiscoveryVC.swift */ = {isa = PBXFileReference; lastKnownFileType = sourcecode.swift; path = DiscoveryVC.swift; sourceTree = "<group>"; };
		9356CD4524B391B90039EF46 /* MyMoviesFRT.app */ = {isa = PBXFileReference; explicitFileType = wrapper.application; includeInIndex = 0; path = MyMoviesFRT.app; sourceTree = BUILT_PRODUCTS_DIR; };
		9356CD4824B391B90039EF46 /* AppDelegate.swift */ = {isa = PBXFileReference; lastKnownFileType = sourcecode.swift; path = AppDelegate.swift; sourceTree = "<group>"; };
		9356CD4A24B391B90039EF46 /* SceneDelegate.swift */ = {isa = PBXFileReference; lastKnownFileType = sourcecode.swift; path = SceneDelegate.swift; sourceTree = "<group>"; };
		9356CD5224B391B90039EF46 /* MyMoviesFRT.xcdatamodel */ = {isa = PBXFileReference; lastKnownFileType = wrapper.xcdatamodel; path = MyMoviesFRT.xcdatamodel; sourceTree = "<group>"; };
		9356CD5424B391BA0039EF46 /* Assets.xcassets */ = {isa = PBXFileReference; lastKnownFileType = folder.assetcatalog; path = Assets.xcassets; sourceTree = "<group>"; };
		9356CD5724B391BA0039EF46 /* Base */ = {isa = PBXFileReference; lastKnownFileType = file.storyboard; name = Base; path = Base.lproj/LaunchScreen.storyboard; sourceTree = "<group>"; };
		9356CD5924B391BA0039EF46 /* Info.plist */ = {isa = PBXFileReference; lastKnownFileType = text.plist.xml; path = Info.plist; sourceTree = "<group>"; };
		9371EFFB24B40E6E00D39F3F /* Movie.storyboard */ = {isa = PBXFileReference; lastKnownFileType = file.storyboard; path = Movie.storyboard; sourceTree = "<group>"; };
		9371EFFC24B40E6E00D39F3F /* MovieRouter.swift */ = {isa = PBXFileReference; lastKnownFileType = sourcecode.swift; path = MovieRouter.swift; sourceTree = "<group>"; };
		9371EFFD24B40E6E00D39F3F /* MovieVM.swift */ = {isa = PBXFileReference; lastKnownFileType = sourcecode.swift; path = MovieVM.swift; sourceTree = "<group>"; };
		9371EFFE24B40E6E00D39F3F /* MovieVC.swift */ = {isa = PBXFileReference; lastKnownFileType = sourcecode.swift; path = MovieVC.swift; sourceTree = "<group>"; };
		93AA9FFB24B3990B00BB6BCD /* MVVMViewModel.swift */ = {isa = PBXFileReference; lastKnownFileType = sourcecode.swift; path = MVVMViewModel.swift; sourceTree = "<group>"; };
		93AA9FFD24B3992100BB6BCD /* MVVMRouter.swift */ = {isa = PBXFileReference; lastKnownFileType = sourcecode.swift; path = MVVMRouter.swift; sourceTree = "<group>"; };
		93AA9FFF24B3995900BB6BCD /* MVVMViewController.swift */ = {isa = PBXFileReference; lastKnownFileType = sourcecode.swift; path = MVVMViewController.swift; sourceTree = "<group>"; };
		93AAA00324B39AE500BB6BCD /* Coordinator.swift */ = {isa = PBXFileReference; lastKnownFileType = sourcecode.swift; path = Coordinator.swift; sourceTree = "<group>"; };
		93AAA00524B39B4F00BB6BCD /* BackendManager.swift */ = {isa = PBXFileReference; lastKnownFileType = sourcecode.swift; path = BackendManager.swift; sourceTree = "<group>"; };
		93AAA00724B39B9000BB6BCD /* RequestRouter.swift */ = {isa = PBXFileReference; lastKnownFileType = sourcecode.swift; path = RequestRouter.swift; sourceTree = "<group>"; };
		93AAA00924B39C9F00BB6BCD /* Constants.swift */ = {isa = PBXFileReference; lastKnownFileType = sourcecode.swift; path = Constants.swift; sourceTree = "<group>"; };
		93AAA00B24B3DDDF00BB6BCD /* AppDependencies.swift */ = {isa = PBXFileReference; lastKnownFileType = sourcecode.swift; path = AppDependencies.swift; sourceTree = "<group>"; };
		93AAA01624B3DEA400BB6BCD /* UIViewController+Extension.swift */ = {isa = PBXFileReference; lastKnownFileType = sourcecode.swift; path = "UIViewController+Extension.swift"; sourceTree = "<group>"; };
		BE4DF39D8CDD87B96E565EF0 /* Pods-MyMoviesFRT.release.xcconfig */ = {isa = PBXFileReference; includeInIndex = 1; lastKnownFileType = text.xcconfig; name = "Pods-MyMoviesFRT.release.xcconfig"; path = "Target Support Files/Pods-MyMoviesFRT/Pods-MyMoviesFRT.release.xcconfig"; sourceTree = "<group>"; };
		D88707FB41376B3506FDCFC8 /* Pods-MyMoviesFRT.debug.xcconfig */ = {isa = PBXFileReference; includeInIndex = 1; lastKnownFileType = text.xcconfig; name = "Pods-MyMoviesFRT.debug.xcconfig"; path = "Target Support Files/Pods-MyMoviesFRT/Pods-MyMoviesFRT.debug.xcconfig"; sourceTree = "<group>"; };
/* End PBXFileReference section */

/* Begin PBXFrameworksBuildPhase section */
		9356CD4224B391B90039EF46 /* Frameworks */ = {
			isa = PBXFrameworksBuildPhase;
			buildActionMask = 2147483647;
			files = (
				D85694C5E59073AD2CBCD5A0 /* Pods_MyMoviesFRT.framework in Frameworks */,
			);
			runOnlyForDeploymentPostprocessing = 0;
		};
/* End PBXFrameworksBuildPhase section */

/* Begin PBXGroup section */
		9324BFAC24B3F382002125BC /* TMDBManager */ = {
			isa = PBXGroup;
			children = (
				9324BFAD24B3F392002125BC /* TMDBRequestRouter.swift */,
				9324BFB424B3FD9D002125BC /* TMDBManager.swift */,
				9324BFB624B3FDAF002125BC /* TMDBManagerBM.swift */,
			);
			path = TMDBManager;
			sourceTree = "<group>";
		};
		9324BFAF24B3F580002125BC /* Models */ = {
			isa = PBXGroup;
			children = (
				9324BFB024B3F59E002125BC /* Movie.swift */,
				9324BFB224B3FD21002125BC /* Discovery.swift */,
			);
			path = Models;
			sourceTree = "<group>";
		};
		9356CD3C24B391B90039EF46 = {
			isa = PBXGroup;
			children = (
				9356CD4724B391B90039EF46 /* MyMoviesFRT */,
				9356CD4624B391B90039EF46 /* Products */,
				9D66526F64147F62756C6E44 /* Pods */,
				D9E6915BCCD6945C96489E63 /* Frameworks */,
			);
			sourceTree = "<group>";
		};
		9356CD4624B391B90039EF46 /* Products */ = {
			isa = PBXGroup;
			children = (
				9356CD4524B391B90039EF46 /* MyMoviesFRT.app */,
			);
			name = Products;
			sourceTree = "<group>";
		};
		9356CD4724B391B90039EF46 /* MyMoviesFRT */ = {
			isa = PBXGroup;
			children = (
				93AAA00224B39A7600BB6BCD /* Scenes */,
				93AAA00124B39A5300BB6BCD /* Dependencies */,
				93AA9FF924B3989E00BB6BCD /* Sources */,
				9356CD4824B391B90039EF46 /* AppDelegate.swift */,
				93AAA00324B39AE500BB6BCD /* Coordinator.swift */,
				9356CD4A24B391B90039EF46 /* SceneDelegate.swift */,
				9356CD5424B391BA0039EF46 /* Assets.xcassets */,
				9356CD5624B391BA0039EF46 /* LaunchScreen.storyboard */,
				9356CD5924B391BA0039EF46 /* Info.plist */,
				9356CD5124B391B90039EF46 /* MyMoviesFRT.xcdatamodeld */,
			);
			path = MyMoviesFRT;
			sourceTree = "<group>";
		};
		9371EFFA24B40E3200D39F3F /* Movie */ = {
			isa = PBXGroup;
			children = (
				9371EFFB24B40E6E00D39F3F /* Movie.storyboard */,
				9371EFFC24B40E6E00D39F3F /* MovieRouter.swift */,
				9371EFFD24B40E6E00D39F3F /* MovieVM.swift */,
				9371EFFE24B40E6E00D39F3F /* MovieVC.swift */,
			);
			path = Movie;
			sourceTree = "<group>";
		};
		93AA9FF924B3989E00BB6BCD /* Sources */ = {
			isa = PBXGroup;
			children = (
				93AAA01524B3DE9000BB6BCD /* Extensions */,
				93AA9FFA24B398BF00BB6BCD /* MVVMRBaseProtocols */,
				93AAA00924B39C9F00BB6BCD /* Constants.swift */,
			);
			path = Sources;
			sourceTree = "<group>";
		};
		93AA9FFA24B398BF00BB6BCD /* MVVMRBaseProtocols */ = {
			isa = PBXGroup;
			children = (
				93AA9FFB24B3990B00BB6BCD /* MVVMViewModel.swift */,
				93AA9FFD24B3992100BB6BCD /* MVVMRouter.swift */,
				93AA9FFF24B3995900BB6BCD /* MVVMViewController.swift */,
			);
			path = MVVMRBaseProtocols;
			sourceTree = "<group>";
		};
		93AAA00124B39A5300BB6BCD /* Dependencies */ = {
			isa = PBXGroup;
			children = (
				9324BFAF24B3F580002125BC /* Models */,
				9324BFAC24B3F382002125BC /* TMDBManager */,
				93AAA00524B39B4F00BB6BCD /* BackendManager.swift */,
				93AAA00724B39B9000BB6BCD /* RequestRouter.swift */,
				93AAA00B24B3DDDF00BB6BCD /* AppDependencies.swift */,
			);
			path = Dependencies;
			sourceTree = "<group>";
		};
		93AAA00224B39A7600BB6BCD /* Scenes */ = {
			isa = PBXGroup;
			children = (
				9371EFFA24B40E3200D39F3F /* Movie */,
				93AAA01824B3DF2E00BB6BCD /* Discovery */,
			);
			path = Scenes;
			sourceTree = "<group>";
		};
		93AAA01524B3DE9000BB6BCD /* Extensions */ = {
			isa = PBXGroup;
			children = (
				93AAA01624B3DEA400BB6BCD /* UIViewController+Extension.swift */,
			);
			path = Extensions;
			sourceTree = "<group>";
		};
		93AAA01824B3DF2E00BB6BCD /* Discovery */ = {
			isa = PBXGroup;
			children = (
				9324BFB824B4032B002125BC /* Discovery.storyboard */,
				9324BFB924B4032B002125BC /* DiscoveryRouter.swift */,
				9324BFBA24B4032B002125BC /* DiscoveryVM.swift */,
				9324BFBB24B4032B002125BC /* DiscoveryVC.swift */,
			);
			path = Discovery;
			sourceTree = "<group>";
		};
		9D66526F64147F62756C6E44 /* Pods */ = {
			isa = PBXGroup;
			children = (
				D88707FB41376B3506FDCFC8 /* Pods-MyMoviesFRT.debug.xcconfig */,
				BE4DF39D8CDD87B96E565EF0 /* Pods-MyMoviesFRT.release.xcconfig */,
			);
			path = Pods;
			sourceTree = "<group>";
		};
		D9E6915BCCD6945C96489E63 /* Frameworks */ = {
			isa = PBXGroup;
			children = (
				735F47667B80E2F768DB3E13 /* Pods_MyMoviesFRT.framework */,
			);
			name = Frameworks;
			sourceTree = "<group>";
		};
/* End PBXGroup section */

/* Begin PBXNativeTarget section */
		9356CD4424B391B90039EF46 /* MyMoviesFRT */ = {
			isa = PBXNativeTarget;
			buildConfigurationList = 9356CD5C24B391BA0039EF46 /* Build configuration list for PBXNativeTarget "MyMoviesFRT" */;
			buildPhases = (
				14F4EC366C31B05FC2362502 /* [CP] Check Pods Manifest.lock */,
				9356CD4124B391B90039EF46 /* Sources */,
				9356CD4224B391B90039EF46 /* Frameworks */,
				9356CD4324B391B90039EF46 /* Resources */,
				6375355E8877FF30E9E9CC62 /* [CP] Embed Pods Frameworks */,
			);
			buildRules = (
			);
			dependencies = (
			);
			name = MyMoviesFRT;
			productName = MyMoviesFRT;
			productReference = 9356CD4524B391B90039EF46 /* MyMoviesFRT.app */;
			productType = "com.apple.product-type.application";
		};
/* End PBXNativeTarget section */

/* Begin PBXProject section */
		9356CD3D24B391B90039EF46 /* Project object */ = {
			isa = PBXProject;
			attributes = {
				LastSwiftUpdateCheck = 1150;
				LastUpgradeCheck = 1150;
				ORGANIZATIONNAME = "Flat Rock Technology";
				TargetAttributes = {
					9356CD4424B391B90039EF46 = {
						CreatedOnToolsVersion = 11.5;
					};
				};
			};
			buildConfigurationList = 9356CD4024B391B90039EF46 /* Build configuration list for PBXProject "MyMoviesFRT" */;
			compatibilityVersion = "Xcode 9.3";
			developmentRegion = en;
			hasScannedForEncodings = 0;
			knownRegions = (
				en,
				Base,
			);
			mainGroup = 9356CD3C24B391B90039EF46;
			productRefGroup = 9356CD4624B391B90039EF46 /* Products */;
			projectDirPath = "";
			projectRoot = "";
			targets = (
				9356CD4424B391B90039EF46 /* MyMoviesFRT */,
			);
		};
/* End PBXProject section */

/* Begin PBXResourcesBuildPhase section */
		9356CD4324B391B90039EF46 /* Resources */ = {
			isa = PBXResourcesBuildPhase;
			buildActionMask = 2147483647;
			files = (
				9356CD5824B391BA0039EF46 /* LaunchScreen.storyboard in Resources */,
				9356CD5524B391BA0039EF46 /* Assets.xcassets in Resources */,
				9324BFBC24B4032B002125BC /* Discovery.storyboard in Resources */,
				9371EFFF24B40E6E00D39F3F /* Movie.storyboard in Resources */,
			);
			runOnlyForDeploymentPostprocessing = 0;
		};
/* End PBXResourcesBuildPhase section */

/* Begin PBXShellScriptBuildPhase section */
		14F4EC366C31B05FC2362502 /* [CP] Check Pods Manifest.lock */ = {
			isa = PBXShellScriptBuildPhase;
			buildActionMask = 2147483647;
			files = (
			);
			inputFileListPaths = (
			);
			inputPaths = (
				"${PODS_PODFILE_DIR_PATH}/Podfile.lock",
				"${PODS_ROOT}/Manifest.lock",
			);
			name = "[CP] Check Pods Manifest.lock";
			outputFileListPaths = (
			);
			outputPaths = (
				"$(DERIVED_FILE_DIR)/Pods-MyMoviesFRT-checkManifestLockResult.txt",
			);
			runOnlyForDeploymentPostprocessing = 0;
			shellPath = /bin/sh;
			shellScript = "diff \"${PODS_PODFILE_DIR_PATH}/Podfile.lock\" \"${PODS_ROOT}/Manifest.lock\" > /dev/null\nif [ $? != 0 ] ; then\n    # print error to STDERR\n    echo \"error: The sandbox is not in sync with the Podfile.lock. Run 'pod install' or update your CocoaPods installation.\" >&2\n    exit 1\nfi\n# This output is used by Xcode 'outputs' to avoid re-running this script phase.\necho \"SUCCESS\" > \"${SCRIPT_OUTPUT_FILE_0}\"\n";
			showEnvVarsInLog = 0;
		};
		6375355E8877FF30E9E9CC62 /* [CP] Embed Pods Frameworks */ = {
			isa = PBXShellScriptBuildPhase;
			buildActionMask = 2147483647;
			files = (
			);
			inputFileListPaths = (
				"${PODS_ROOT}/Target Support Files/Pods-MyMoviesFRT/Pods-MyMoviesFRT-frameworks-${CONFIGURATION}-input-files.xcfilelist",
			);
			name = "[CP] Embed Pods Frameworks";
			outputFileListPaths = (
				"${PODS_ROOT}/Target Support Files/Pods-MyMoviesFRT/Pods-MyMoviesFRT-frameworks-${CONFIGURATION}-output-files.xcfilelist",
			);
			runOnlyForDeploymentPostprocessing = 0;
			shellPath = /bin/sh;
			shellScript = "\"${PODS_ROOT}/Target Support Files/Pods-MyMoviesFRT/Pods-MyMoviesFRT-frameworks.sh\"\n";
			showEnvVarsInLog = 0;
		};
/* End PBXShellScriptBuildPhase section */

/* Begin PBXSourcesBuildPhase section */
		9356CD4124B391B90039EF46 /* Sources */ = {
			isa = PBXSourcesBuildPhase;
			buildActionMask = 2147483647;
			files = (
				9324BFBE24B4032B002125BC /* DiscoveryVM.swift in Sources */,
				9324BFB324B3FD21002125BC /* Discovery.swift in Sources */,
				9371F00024B40E6E00D39F3F /* MovieRouter.swift in Sources */,
				9324BFBD24B4032B002125BC /* DiscoveryRouter.swift in Sources */,
				93AAA00C24B3DDDF00BB6BCD /* AppDependencies.swift in Sources */,
				93AAA00424B39AE500BB6BCD /* Coordinator.swift in Sources */,
				9324BFBF24B4032B002125BC /* DiscoveryVC.swift in Sources */,
				9324BFAE24B3F392002125BC /* TMDBRequestRouter.swift in Sources */,
				93AAA01724B3DEA400BB6BCD /* UIViewController+Extension.swift in Sources */,
				9324BFB524B3FD9D002125BC /* TMDBManager.swift in Sources */,
				9324BFB724B3FDAF002125BC /* TMDBManagerBM.swift in Sources */,
				93AAA00A24B39C9F00BB6BCD /* Constants.swift in Sources */,
				9356CD5324B391B90039EF46 /* MyMoviesFRT.xcdatamodeld in Sources */,
				93AAA00024B3995900BB6BCD /* MVVMViewController.swift in Sources */,
				9356CD4924B391B90039EF46 /* AppDelegate.swift in Sources */,
				9371F00224B40E6E00D39F3F /* MovieVC.swift in Sources */,
				93AA9FFC24B3990B00BB6BCD /* MVVMViewModel.swift in Sources */,
				93AAA00824B39B9000BB6BCD /* RequestRouter.swift in Sources */,
				93AAA00624B39B4F00BB6BCD /* BackendManager.swift in Sources */,
				93AA9FFE24B3992100BB6BCD /* MVVMRouter.swift in Sources */,
				9356CD4B24B391B90039EF46 /* SceneDelegate.swift in Sources */,
				9324BFB124B3F59E002125BC /* Movie.swift in Sources */,
				9371F00124B40E6E00D39F3F /* MovieVM.swift in Sources */,
			);
			runOnlyForDeploymentPostprocessing = 0;
		};
/* End PBXSourcesBuildPhase section */

/* Begin PBXVariantGroup section */
		9356CD5624B391BA0039EF46 /* LaunchScreen.storyboard */ = {
			isa = PBXVariantGroup;
			children = (
				9356CD5724B391BA0039EF46 /* Base */,
			);
			name = LaunchScreen.storyboard;
			sourceTree = "<group>";
		};
/* End PBXVariantGroup section */

/* Begin XCBuildConfiguration section */
		9356CD5A24B391BA0039EF46 /* Debug */ = {
			isa = XCBuildConfiguration;
			buildSettings = {
				ALWAYS_SEARCH_USER_PATHS = NO;
				CLANG_ANALYZER_NONNULL = YES;
				CLANG_ANALYZER_NUMBER_OBJECT_CONVERSION = YES_AGGRESSIVE;
				CLANG_CXX_LANGUAGE_STANDARD = "gnu++14";
				CLANG_CXX_LIBRARY = "libc++";
				CLANG_ENABLE_MODULES = YES;
				CLANG_ENABLE_OBJC_ARC = YES;
				CLANG_ENABLE_OBJC_WEAK = YES;
				CLANG_WARN_BLOCK_CAPTURE_AUTORELEASING = YES;
				CLANG_WARN_BOOL_CONVERSION = YES;
				CLANG_WARN_COMMA = YES;
				CLANG_WARN_CONSTANT_CONVERSION = YES;
				CLANG_WARN_DEPRECATED_OBJC_IMPLEMENTATIONS = YES;
				CLANG_WARN_DIRECT_OBJC_ISA_USAGE = YES_ERROR;
				CLANG_WARN_DOCUMENTATION_COMMENTS = YES;
				CLANG_WARN_EMPTY_BODY = YES;
				CLANG_WARN_ENUM_CONVERSION = YES;
				CLANG_WARN_INFINITE_RECURSION = YES;
				CLANG_WARN_INT_CONVERSION = YES;
				CLANG_WARN_NON_LITERAL_NULL_CONVERSION = YES;
				CLANG_WARN_OBJC_IMPLICIT_RETAIN_SELF = YES;
				CLANG_WARN_OBJC_LITERAL_CONVERSION = YES;
				CLANG_WARN_OBJC_ROOT_CLASS = YES_ERROR;
				CLANG_WARN_RANGE_LOOP_ANALYSIS = YES;
				CLANG_WARN_STRICT_PROTOTYPES = YES;
				CLANG_WARN_SUSPICIOUS_MOVE = YES;
				CLANG_WARN_UNGUARDED_AVAILABILITY = YES_AGGRESSIVE;
				CLANG_WARN_UNREACHABLE_CODE = YES;
				CLANG_WARN__DUPLICATE_METHOD_MATCH = YES;
				COPY_PHASE_STRIP = NO;
				DEBUG_INFORMATION_FORMAT = dwarf;
				ENABLE_STRICT_OBJC_MSGSEND = YES;
				ENABLE_TESTABILITY = YES;
				GCC_C_LANGUAGE_STANDARD = gnu11;
				GCC_DYNAMIC_NO_PIC = NO;
				GCC_NO_COMMON_BLOCKS = YES;
				GCC_OPTIMIZATION_LEVEL = 0;
				GCC_PREPROCESSOR_DEFINITIONS = (
					"DEBUG=1",
					"$(inherited)",
				);
				GCC_WARN_64_TO_32_BIT_CONVERSION = YES;
				GCC_WARN_ABOUT_RETURN_TYPE = YES_ERROR;
				GCC_WARN_UNDECLARED_SELECTOR = YES;
				GCC_WARN_UNINITIALIZED_AUTOS = YES_AGGRESSIVE;
				GCC_WARN_UNUSED_FUNCTION = YES;
				GCC_WARN_UNUSED_VARIABLE = YES;
				IPHONEOS_DEPLOYMENT_TARGET = 13.5;
				MTL_ENABLE_DEBUG_INFO = INCLUDE_SOURCE;
				MTL_FAST_MATH = YES;
				ONLY_ACTIVE_ARCH = YES;
				SDKROOT = iphoneos;
				SWIFT_ACTIVE_COMPILATION_CONDITIONS = DEBUG;
				SWIFT_OPTIMIZATION_LEVEL = "-Onone";
			};
			name = Debug;
		};
		9356CD5B24B391BA0039EF46 /* Release */ = {
			isa = XCBuildConfiguration;
			buildSettings = {
				ALWAYS_SEARCH_USER_PATHS = NO;
				CLANG_ANALYZER_NONNULL = YES;
				CLANG_ANALYZER_NUMBER_OBJECT_CONVERSION = YES_AGGRESSIVE;
				CLANG_CXX_LANGUAGE_STANDARD = "gnu++14";
				CLANG_CXX_LIBRARY = "libc++";
				CLANG_ENABLE_MODULES = YES;
				CLANG_ENABLE_OBJC_ARC = YES;
				CLANG_ENABLE_OBJC_WEAK = YES;
				CLANG_WARN_BLOCK_CAPTURE_AUTORELEASING = YES;
				CLANG_WARN_BOOL_CONVERSION = YES;
				CLANG_WARN_COMMA = YES;
				CLANG_WARN_CONSTANT_CONVERSION = YES;
				CLANG_WARN_DEPRECATED_OBJC_IMPLEMENTATIONS = YES;
				CLANG_WARN_DIRECT_OBJC_ISA_USAGE = YES_ERROR;
				CLANG_WARN_DOCUMENTATION_COMMENTS = YES;
				CLANG_WARN_EMPTY_BODY = YES;
				CLANG_WARN_ENUM_CONVERSION = YES;
				CLANG_WARN_INFINITE_RECURSION = YES;
				CLANG_WARN_INT_CONVERSION = YES;
				CLANG_WARN_NON_LITERAL_NULL_CONVERSION = YES;
				CLANG_WARN_OBJC_IMPLICIT_RETAIN_SELF = YES;
				CLANG_WARN_OBJC_LITERAL_CONVERSION = YES;
				CLANG_WARN_OBJC_ROOT_CLASS = YES_ERROR;
				CLANG_WARN_RANGE_LOOP_ANALYSIS = YES;
				CLANG_WARN_STRICT_PROTOTYPES = YES;
				CLANG_WARN_SUSPICIOUS_MOVE = YES;
				CLANG_WARN_UNGUARDED_AVAILABILITY = YES_AGGRESSIVE;
				CLANG_WARN_UNREACHABLE_CODE = YES;
				CLANG_WARN__DUPLICATE_METHOD_MATCH = YES;
				COPY_PHASE_STRIP = NO;
				DEBUG_INFORMATION_FORMAT = "dwarf-with-dsym";
				ENABLE_NS_ASSERTIONS = NO;
				ENABLE_STRICT_OBJC_MSGSEND = YES;
				GCC_C_LANGUAGE_STANDARD = gnu11;
				GCC_NO_COMMON_BLOCKS = YES;
				GCC_WARN_64_TO_32_BIT_CONVERSION = YES;
				GCC_WARN_ABOUT_RETURN_TYPE = YES_ERROR;
				GCC_WARN_UNDECLARED_SELECTOR = YES;
				GCC_WARN_UNINITIALIZED_AUTOS = YES_AGGRESSIVE;
				GCC_WARN_UNUSED_FUNCTION = YES;
				GCC_WARN_UNUSED_VARIABLE = YES;
				IPHONEOS_DEPLOYMENT_TARGET = 13.5;
				MTL_ENABLE_DEBUG_INFO = NO;
				MTL_FAST_MATH = YES;
				SDKROOT = iphoneos;
				SWIFT_COMPILATION_MODE = wholemodule;
				SWIFT_OPTIMIZATION_LEVEL = "-O";
				VALIDATE_PRODUCT = YES;
			};
			name = Release;
		};
		9356CD5D24B391BA0039EF46 /* Debug */ = {
			isa = XCBuildConfiguration;
			baseConfigurationReference = D88707FB41376B3506FDCFC8 /* Pods-MyMoviesFRT.debug.xcconfig */;
			buildSettings = {
				ASSETCATALOG_COMPILER_APPICON_NAME = AppIcon;
				CODE_SIGN_STYLE = Automatic;
				INFOPLIST_FILE = MyMoviesFRT/Info.plist;
				IPHONEOS_DEPLOYMENT_TARGET = 10.3;
				LD_RUNPATH_SEARCH_PATHS = (
					"$(inherited)",
					"@executable_path/Frameworks",
				);
				PRODUCT_BUNDLE_IDENTIFIER = com.archil.MyMoviesFRT;
				PRODUCT_NAME = "$(TARGET_NAME)";
				SWIFT_VERSION = 5.0;
				TARGETED_DEVICE_FAMILY = 1;
			};
			name = Debug;
		};
		9356CD5E24B391BA0039EF46 /* Release */ = {
			isa = XCBuildConfiguration;
			baseConfigurationReference = BE4DF39D8CDD87B96E565EF0 /* Pods-MyMoviesFRT.release.xcconfig */;
			buildSettings = {
				ASSETCATALOG_COMPILER_APPICON_NAME = AppIcon;
				CODE_SIGN_STYLE = Automatic;
				INFOPLIST_FILE = MyMoviesFRT/Info.plist;
				IPHONEOS_DEPLOYMENT_TARGET = 10.3;
				LD_RUNPATH_SEARCH_PATHS = (
					"$(inherited)",
					"@executable_path/Frameworks",
				);
				PRODUCT_BUNDLE_IDENTIFIER = com.archil.MyMoviesFRT;
				PRODUCT_NAME = "$(TARGET_NAME)";
				SWIFT_VERSION = 5.0;
				TARGETED_DEVICE_FAMILY = 1;
			};
			name = Release;
		};
/* End XCBuildConfiguration section */

/* Begin XCConfigurationList section */
		9356CD4024B391B90039EF46 /* Build configuration list for PBXProject "MyMoviesFRT" */ = {
			isa = XCConfigurationList;
			buildConfigurations = (
				9356CD5A24B391BA0039EF46 /* Debug */,
				9356CD5B24B391BA0039EF46 /* Release */,
			);
			defaultConfigurationIsVisible = 0;
			defaultConfigurationName = Release;
		};
		9356CD5C24B391BA0039EF46 /* Build configuration list for PBXNativeTarget "MyMoviesFRT" */ = {
			isa = XCConfigurationList;
			buildConfigurations = (
				9356CD5D24B391BA0039EF46 /* Debug */,
				9356CD5E24B391BA0039EF46 /* Release */,
			);
			defaultConfigurationIsVisible = 0;
			defaultConfigurationName = Release;
		};
/* End XCConfigurationList section */

/* Begin XCVersionGroup section */
		9356CD5124B391B90039EF46 /* MyMoviesFRT.xcdatamodeld */ = {
			isa = XCVersionGroup;
			children = (
				9356CD5224B391B90039EF46 /* MyMoviesFRT.xcdatamodel */,
			);
			currentVersion = 9356CD5224B391B90039EF46 /* MyMoviesFRT.xcdatamodel */;
			path = MyMoviesFRT.xcdatamodeld;
			sourceTree = "<group>";
			versionGroupType = wrapper.xcdatamodel;
		};
/* End XCVersionGroup section */
	};
	rootObject = 9356CD3D24B391B90039EF46 /* Project object */;
}
